// !$*UTF8*$!
{
	archiveVersion = 1;
	classes = {
	};
	objectVersion = 46;
	objects = {

/* Begin PBXBuildFile section */
		84835D201C9FA04E00A39866 /* main.m in Sources */ = {isa = PBXBuildFile; fileRef = 84835D1F1C9FA04E00A39866 /* main.m */; };
		84835D231C9FA04E00A39866 /* AppDelegate.m in Sources */ = {isa = PBXBuildFile; fileRef = 84835D221C9FA04E00A39866 /* AppDelegate.m */; };
		84835D261C9FA04E00A39866 /* ViewController.m in Sources */ = {isa = PBXBuildFile; fileRef = 84835D251C9FA04E00A39866 /* ViewController.m */; };
		84835D291C9FA04E00A39866 /* Main.storyboard in Resources */ = {isa = PBXBuildFile; fileRef = 84835D271C9FA04E00A39866 /* Main.storyboard */; };
		84835D2B1C9FA04E00A39866 /* Assets.xcassets in Resources */ = {isa = PBXBuildFile; fileRef = 84835D2A1C9FA04E00A39866 /* Assets.xcassets */; };
		84835D2E1C9FA04E00A39866 /* LaunchScreen.storyboard in Resources */ = {isa = PBXBuildFile; fileRef = 84835D2C1C9FA04E00A39866 /* LaunchScreen.storyboard */; };
		84835D391C9FA04E00A39866 /* TrackerTests.m in Sources */ = {isa = PBXBuildFile; fileRef = 84835D381C9FA04E00A39866 /* TrackerTests.m */; };
		84835D441C9FA04E00A39866 /* TrackerUITests.m in Sources */ = {isa = PBXBuildFile; fileRef = 84835D431C9FA04E00A39866 /* TrackerUITests.m */; };
/* End PBXBuildFile section */

/* Begin PBXContainerItemProxy section */
		84835D351C9FA04E00A39866 /* PBXContainerItemProxy */ = {
			isa = PBXContainerItemProxy;
			containerPortal = 84835D131C9FA04E00A39866 /* Project object */;
			proxyType = 1;
			remoteGlobalIDString = 84835D1A1C9FA04E00A39866;
			remoteInfo = Tracker;
		};
		84835D401C9FA04E00A39866 /* PBXContainerItemProxy */ = {
			isa = PBXContainerItemProxy;
			containerPortal = 84835D131C9FA04E00A39866 /* Project object */;
			proxyType = 1;
			remoteGlobalIDString = 84835D1A1C9FA04E00A39866;
			remoteInfo = Tracker;
		};
/* End PBXContainerItemProxy section */

/* Begin PBXFileReference section */
		84835D1B1C9FA04E00A39866 /* Tracker.app */ = {isa = PBXFileReference; explicitFileType = wrapper.application; includeInIndex = 0; path = Tracker.app; sourceTree = BUILT_PRODUCTS_DIR; };
		84835D1F1C9FA04E00A39866 /* main.m */ = {isa = PBXFileReference; lastKnownFileType = sourcecode.c.objc; path = main.m; sourceTree = "<group>"; };
		84835D211C9FA04E00A39866 /* AppDelegate.h */ = {isa = PBXFileReference; lastKnownFileType = sourcecode.c.h; path = AppDelegate.h; sourceTree = "<group>"; };
		84835D221C9FA04E00A39866 /* AppDelegate.m */ = {isa = PBXFileReference; lastKnownFileType = sourcecode.c.objc; path = AppDelegate.m; sourceTree = "<group>"; };
		84835D241C9FA04E00A39866 /* ViewController.h */ = {isa = PBXFileReference; lastKnownFileType = sourcecode.c.h; path = ViewController.h; sourceTree = "<group>"; };
		84835D251C9FA04E00A39866 /* ViewController.m */ = {isa = PBXFileReference; lastKnownFileType = sourcecode.c.objc; path = ViewController.m; sourceTree = "<group>"; };
		84835D281C9FA04E00A39866 /* Base */ = {isa = PBXFileReference; lastKnownFileType = file.storyboard; name = Base; path = Base.lproj/Main.storyboard; sourceTree = "<group>"; };
		84835D2A1C9FA04E00A39866 /* Assets.xcassets */ = {isa = PBXFileReference; lastKnownFileType = folder.assetcatalog; path = Assets.xcassets; sourceTree = "<group>"; };
		84835D2D1C9FA04E00A39866 /* Base */ = {isa = PBXFileReference; lastKnownFileType = file.storyboard; name = Base; path = Base.lproj/LaunchScreen.storyboard; sourceTree = "<group>"; };
		84835D2F1C9FA04E00A39866 /* Info.plist */ = {isa = PBXFileReference; lastKnownFileType = text.plist.xml; path = Info.plist; sourceTree = "<group>"; };
		84835D341C9FA04E00A39866 /* TrackerTests.xctest */ = {isa = PBXFileReference; explicitFileType = wrapper.cfbundle; includeInIndex = 0; path = TrackerTests.xctest; sourceTree = BUILT_PRODUCTS_DIR; };
		84835D381C9FA04E00A39866 /* TrackerTests.m */ = {isa = PBXFileReference; lastKnownFileType = sourcecode.c.objc; path = TrackerTests.m; sourceTree = "<group>"; };
		84835D3A1C9FA04E00A39866 /* Info.plist */ = {isa = PBXFileReference; lastKnownFileType = text.plist.xml; path = Info.plist; sourceTree = "<group>"; };
		84835D3F1C9FA04E00A39866 /* TrackerUITests.xctest */ = {isa = PBXFileReference; explicitFileType = wrapper.cfbundle; includeInIndex = 0; path = TrackerUITests.xctest; sourceTree = BUILT_PRODUCTS_DIR; };
		84835D431C9FA04E00A39866 /* TrackerUITests.m */ = {isa = PBXFileReference; lastKnownFileType = sourcecode.c.objc; path = TrackerUITests.m; sourceTree = "<group>"; };
		84835D451C9FA04E00A39866 /* Info.plist */ = {isa = PBXFileReference; lastKnownFileType = text.plist.xml; path = Info.plist; sourceTree = "<group>"; };
/* End PBXFileReference section */

/* Begin PBXFrameworksBuildPhase section */
		84835D181C9FA04E00A39866 /* Frameworks */ = {
			isa = PBXFrameworksBuildPhase;
			buildActionMask = 2147483647;
			files = (
			);
			runOnlyForDeploymentPostprocessing = 0;
		};
		84835D311C9FA04E00A39866 /* Frameworks */ = {
			isa = PBXFrameworksBuildPhase;
			buildActionMask = 2147483647;
			files = (
			);
			runOnlyForDeploymentPostprocessing = 0;
		};
		84835D3C1C9FA04E00A39866 /* Frameworks */ = {
			isa = PBXFrameworksBuildPhase;
			buildActionMask = 2147483647;
			files = (
			);
			runOnlyForDeploymentPostprocessing = 0;
		};
/* End PBXFrameworksBuildPhase section */

/* Begin PBXGroup section */
		84835D121C9FA04E00A39866 = {
			isa = PBXGroup;
			children = (
				84835D1D1C9FA04E00A39866 /* Tracker */,
				84835D371C9FA04E00A39866 /* TrackerTests */,
				84835D421C9FA04E00A39866 /* TrackerUITests */,
				84835D1C1C9FA04E00A39866 /* Products */,
			);
			sourceTree = "<group>";
		};
		84835D1C1C9FA04E00A39866 /* Products */ = {
			isa = PBXGroup;
			children = (
				84835D1B1C9FA04E00A39866 /* Tracker.app */,
				84835D341C9FA04E00A39866 /* TrackerTests.xctest */,
				84835D3F1C9FA04E00A39866 /* TrackerUITests.xctest */,
			);
			name = Products;
			sourceTree = "<group>";
		};
		84835D1D1C9FA04E00A39866 /* Tracker */ = {
			isa = PBXGroup;
			children = (
				84835D211C9FA04E00A39866 /* AppDelegate.h */,
				84835D221C9FA04E00A39866 /* AppDelegate.m */,
				84835D241C9FA04E00A39866 /* ViewController.h */,
				84835D251C9FA04E00A39866 /* ViewController.m */,
				84835D271C9FA04E00A39866 /* Main.storyboard */,
				84835D2A1C9FA04E00A39866 /* Assets.xcassets */,
				84835D2C1C9FA04E00A39866 /* LaunchScreen.storyboard */,
				84835D2F1C9FA04E00A39866 /* Info.plist */,
				84835D1E1C9FA04E00A39866 /* Supporting Files */,
			);
			path = Tracker;
			sourceTree = "<group>";
		};
		84835D1E1C9FA04E00A39866 /* Supporting Files */ = {
			isa = PBXGroup;
			children = (
				84835D1F1C9FA04E00A39866 /* main.m */,
			);
			name = "Supporting Files";
			sourceTree = "<group>";
		};
		84835D371C9FA04E00A39866 /* TrackerTests */ = {
			isa = PBXGroup;
			children = (
				84835D381C9FA04E00A39866 /* TrackerTests.m */,
				84835D3A1C9FA04E00A39866 /* Info.plist */,
			);
			path = TrackerTests;
			sourceTree = "<group>";
		};
		84835D421C9FA04E00A39866 /* TrackerUITests */ = {
			isa = PBXGroup;
			children = (
				84835D431C9FA04E00A39866 /* TrackerUITests.m */,
				84835D451C9FA04E00A39866 /* Info.plist */,
			);
			path = TrackerUITests;
			sourceTree = "<group>";
		};
/* End PBXGroup section */

/* Begin PBXNativeTarget section */
		84835D1A1C9FA04E00A39866 /* Tracker */ = {
			isa = PBXNativeTarget;
			buildConfigurationList = 84835D481C9FA04E00A39866 /* Build configuration list for PBXNativeTarget "Tracker" */;
			buildPhases = (
				84835D171C9FA04E00A39866 /* Sources */,
				84835D181C9FA04E00A39866 /* Frameworks */,
				84835D191C9FA04E00A39866 /* Resources */,
			);
			buildRules = (
			);
			dependencies = (
			);
			name = Tracker;
			productName = Tracker;
			productReference = 84835D1B1C9FA04E00A39866 /* Tracker.app */;
			productType = "com.apple.product-type.application";
		};
		84835D331C9FA04E00A39866 /* TrackerTests */ = {
			isa = PBXNativeTarget;
			buildConfigurationList = 84835D4B1C9FA04E00A39866 /* Build configuration list for PBXNativeTarget "TrackerTests" */;
			buildPhases = (
				84835D301C9FA04E00A39866 /* Sources */,
				84835D311C9FA04E00A39866 /* Frameworks */,
				84835D321C9FA04E00A39866 /* Resources */,
			);
			buildRules = (
			);
			dependencies = (
				84835D361C9FA04E00A39866 /* PBXTargetDependency */,
			);
			name = TrackerTests;
			productName = TrackerTests;
			productReference = 84835D341C9FA04E00A39866 /* TrackerTests.xctest */;
			productType = "com.apple.product-type.bundle.unit-test";
		};
		84835D3E1C9FA04E00A39866 /* TrackerUITests */ = {
			isa = PBXNativeTarget;
			buildConfigurationList = 84835D4E1C9FA04E00A39866 /* Build configuration list for PBXNativeTarget "TrackerUITests" */;
			buildPhases = (
				84835D3B1C9FA04E00A39866 /* Sources */,
				84835D3C1C9FA04E00A39866 /* Frameworks */,
				84835D3D1C9FA04E00A39866 /* Resources */,
			);
			buildRules = (
			);
			dependencies = (
				84835D411C9FA04E00A39866 /* PBXTargetDependency */,
			);
			name = TrackerUITests;
			productName = TrackerUITests;
			productReference = 84835D3F1C9FA04E00A39866 /* TrackerUITests.xctest */;
			productType = "com.apple.product-type.bundle.ui-testing";
		};
/* End PBXNativeTarget section */

/* Begin PBXProject section */
		84835D131C9FA04E00A39866 /* Project object */ = {
			isa = PBXProject;
			attributes = {
				LastUpgradeCheck = 0720;
				ORGANIZATIONNAME = idt;
				TargetAttributes = {
					84835D1A1C9FA04E00A39866 = {
						CreatedOnToolsVersion = 7.2;
						DevelopmentTeam = V58J3VV52M;
					};
					84835D331C9FA04E00A39866 = {
						CreatedOnToolsVersion = 7.2;
						DevelopmentTeam = V58J3VV52M;
						TestTargetID = 84835D1A1C9FA04E00A39866;
					};
					84835D3E1C9FA04E00A39866 = {
						CreatedOnToolsVersion = 7.2;
						DevelopmentTeam = V58J3VV52M;
						TestTargetID = 84835D1A1C9FA04E00A39866;
					};
				};
			};
			buildConfigurationList = 84835D161C9FA04E00A39866 /* Build configuration list for PBXProject "Tracker" */;
			compatibilityVersion = "Xcode 3.2";
			developmentRegion = English;
			hasScannedForEncodings = 0;
			knownRegions = (
				en,
				Base,
			);
			mainGroup = 84835D121C9FA04E00A39866;
			productRefGroup = 84835D1C1C9FA04E00A39866 /* Products */;
			projectDirPath = "";
			projectRoot = "";
			targets = (
				84835D1A1C9FA04E00A39866 /* Tracker */,
				84835D331C9FA04E00A39866 /* TrackerTests */,
				84835D3E1C9FA04E00A39866 /* TrackerUITests */,
			);
		};
/* End PBXProject section */

/* Begin PBXResourcesBuildPhase section */
		84835D191C9FA04E00A39866 /* Resources */ = {
			isa = PBXResourcesBuildPhase;
			buildActionMask = 2147483647;
			files = (
				84835D2E1C9FA04E00A39866 /* LaunchScreen.storyboard in Resources */,
				84835D2B1C9FA04E00A39866 /* Assets.xcassets in Resources */,
				84835D291C9FA04E00A39866 /* Main.storyboard in Resources */,
			);
			runOnlyForDeploymentPostprocessing = 0;
		};
		84835D321C9FA04E00A39866 /* Resources */ = {
			isa = PBXResourcesBuildPhase;
			buildActionMask = 2147483647;
			files = (
			);
			runOnlyForDeploymentPostprocessing = 0;
		};
		84835D3D1C9FA04E00A39866 /* Resources */ = {
			isa = PBXResourcesBuildPhase;
			buildActionMask = 2147483647;
			files = (
			);
			runOnlyForDeploymentPostprocessing = 0;
		};
/* End PBXResourcesBuildPhase section */

/* Begin PBXSourcesBuildPhase section */
		84835D171C9FA04E00A39866 /* Sources */ = {
			isa = PBXSourcesBuildPhase;
			buildActionMask = 2147483647;
			files = (
				84835D261C9FA04E00A39866 /* ViewController.m in Sources */,
				84835D231C9FA04E00A39866 /* AppDelegate.m in Sources */,
				84835D201C9FA04E00A39866 /* main.m in Sources */,
			);
			runOnlyForDeploymentPostprocessing = 0;
		};
		84835D301C9FA04E00A39866 /* Sources */ = {
			isa = PBXSourcesBuildPhase;
			buildActionMask = 2147483647;
			files = (
				84835D391C9FA04E00A39866 /* TrackerTests.m in Sources */,
			);
			runOnlyForDeploymentPostprocessing = 0;
		};
		84835D3B1C9FA04E00A39866 /* Sources */ = {
			isa = PBXSourcesBuildPhase;
			buildActionMask = 2147483647;
			files = (
				84835D441C9FA04E00A39866 /* TrackerUITests.m in Sources */,
			);
			runOnlyForDeploymentPostprocessing = 0;
		};
/* End PBXSourcesBuildPhase section */

/* Begin PBXTargetDependency section */
		84835D361C9FA04E00A39866 /* PBXTargetDependency */ = {
			isa = PBXTargetDependency;
			target = 84835D1A1C9FA04E00A39866 /* Tracker */;
			targetProxy = 84835D351C9FA04E00A39866 /* PBXContainerItemProxy */;
		};
		84835D411C9FA04E00A39866 /* PBXTargetDependency */ = {
			isa = PBXTargetDependency;
			target = 84835D1A1C9FA04E00A39866 /* Tracker */;
			targetProxy = 84835D401C9FA04E00A39866 /* PBXContainerItemProxy */;
		};
/* End PBXTargetDependency section */

/* Begin PBXVariantGroup section */
		84835D271C9FA04E00A39866 /* Main.storyboard */ = {
			isa = PBXVariantGroup;
			children = (
				84835D281C9FA04E00A39866 /* Base */,
			);
			name = Main.storyboard;
			sourceTree = "<group>";
		};
		84835D2C1C9FA04E00A39866 /* LaunchScreen.storyboard */ = {
			isa = PBXVariantGroup;
			children = (
				84835D2D1C9FA04E00A39866 /* Base */,
			);
			name = LaunchScreen.storyboard;
			sourceTree = "<group>";
		};
/* End PBXVariantGroup section */

/* Begin XCBuildConfiguration section */
		84835D461C9FA04E00A39866 /* Debug */ = {
			isa = XCBuildConfiguration;
			buildSettings = {
				ALWAYS_SEARCH_USER_PATHS = NO;
				CLANG_CXX_LANGUAGE_STANDARD = "gnu++0x";
				CLANG_CXX_LIBRARY = "libc++";
				CLANG_ENABLE_MODULES = YES;
				CLANG_ENABLE_OBJC_ARC = YES;
				CLANG_WARN_BOOL_CONVERSION = YES;
				CLANG_WARN_CONSTANT_CONVERSION = YES;
				CLANG_WARN_DIRECT_OBJC_ISA_USAGE = YES_ERROR;
				CLANG_WARN_EMPTY_BODY = YES;
				CLANG_WARN_ENUM_CONVERSION = YES;
				CLANG_WARN_INT_CONVERSION = YES;
				CLANG_WARN_OBJC_ROOT_CLASS = YES_ERROR;
				CLANG_WARN_UNREACHABLE_CODE = YES;
				CLANG_WARN__DUPLICATE_METHOD_MATCH = YES;
				"CODE_SIGN_IDENTITY[sdk=iphoneos*]" = "iPhone Developer";
				COPY_PHASE_STRIP = NO;
				DEBUG_INFORMATION_FORMAT = dwarf;
				ENABLE_STRICT_OBJC_MSGSEND = YES;
				ENABLE_TESTABILITY = YES;
				GCC_C_LANGUAGE_STANDARD = gnu99;
				GCC_DYNAMIC_NO_PIC = NO;
				GCC_NO_COMMON_BLOCKS = YES;
				GCC_OPTIMIZATION_LEVEL = 0;
				GCC_PREPROCESSOR_DEFINITIONS = (
					"DEBUG=1",
					"$(inherited)",
				);
				GCC_WARN_64_TO_32_BIT_CONVERSION = YES;
				GCC_WARN_ABOUT_RETURN_TYPE = YES_ERROR;
				GCC_WARN_UNDECLARED_SELECTOR = YES;
				GCC_WARN_UNINITIALIZED_AUTOS = YES_AGGRESSIVE;
				GCC_WARN_UNUSED_FUNCTION = YES;
				GCC_WARN_UNUSED_VARIABLE = YES;
				IPHONEOS_DEPLOYMENT_TARGET = 9.2;
				MTL_ENABLE_DEBUG_INFO = YES;
				ONLY_ACTIVE_ARCH = YES;
				SDKROOT = iphoneos;
				TARGETED_DEVICE_FAMILY = "1,2";
			};
			name = Debug;
		};
		84835D471C9FA04E00A39866 /* Release */ = {
			isa = XCBuildConfiguration;
			buildSettings = {
				ALWAYS_SEARCH_USER_PATHS = NO;
				CLANG_CXX_LANGUAGE_STANDARD = "gnu++0x";
				CLANG_CXX_LIBRARY = "libc++";
				CLANG_ENABLE_MODULES = YES;
				CLANG_ENABLE_OBJC_ARC = YES;
				CLANG_WARN_BOOL_CONVERSION = YES;
				CLANG_WARN_CONSTANT_CONVERSION = YES;
				CLANG_WARN_DIRECT_OBJC_ISA_USAGE = YES_ERROR;
				CLANG_WARN_EMPTY_BODY = YES;
				CLANG_WARN_ENUM_CONVERSION = YES;
				CLANG_WARN_INT_CONVERSION = YES;
				CLANG_WARN_OBJC_ROOT_CLASS = YES_ERROR;
				CLANG_WARN_UNREACHABLE_CODE = YES;
				CLANG_WARN__DUPLICATE_METHOD_MATCH = YES;
				"CODE_SIGN_IDENTITY[sdk=iphoneos*]" = "iPhone Developer";
				COPY_PHASE_STRIP = NO;
				DEBUG_INFORMATION_FORMAT = "dwarf-with-dsym";
				ENABLE_NS_ASSERTIONS = NO;
				ENABLE_STRICT_OBJC_MSGSEND = YES;
				GCC_C_LANGUAGE_STANDARD = gnu99;
				GCC_NO_COMMON_BLOCKS = YES;
				GCC_WARN_64_TO_32_BIT_CONVERSION = YES;
				GCC_WARN_ABOUT_RETURN_TYPE = YES_ERROR;
				GCC_WARN_UNDECLARED_SELECTOR = YES;
				GCC_WARN_UNINITIALIZED_AUTOS = YES_AGGRESSIVE;
				GCC_WARN_UNUSED_FUNCTION = YES;
				GCC_WARN_UNUSED_VARIABLE = YES;
				IPHONEOS_DEPLOYMENT_TARGET = 9.2;
				MTL_ENABLE_DEBUG_INFO = NO;
				SDKROOT = iphoneos;
				TARGETED_DEVICE_FAMILY = "1,2";
				VALIDATE_PRODUCT = YES;
			};
			name = Release;
		};
		84835D491C9FA04E00A39866 /* Debug */ = {
			isa = XCBuildConfiguration;
			buildSettings = {
				ASSETCATALOG_COMPILER_APPICON_NAME = AppIcon;
				INFOPLIST_FILE = Tracker/Info.plist;
				LD_RUNPATH_SEARCH_PATHS = "$(inherited) @executable_path/Frameworks";
				PRODUCT_BUNDLE_IDENTIFIER = com.idt.Tracker;
				PRODUCT_NAME = "$(TARGET_NAME)";
			};
			name = Debug;
		};
		84835D4A1C9FA04E00A39866 /* Release */ = {
			isa = XCBuildConfiguration;
			buildSettings = {
				ASSETCATALOG_COMPILER_APPICON_NAME = AppIcon;
				INFOPLIST_FILE = Tracker/Info.plist;
				LD_RUNPATH_SEARCH_PATHS = "$(inherited) @executable_path/Frameworks";
				PRODUCT_BUNDLE_IDENTIFIER = com.idt.Tracker;
				PRODUCT_NAME = "$(TARGET_NAME)";
			};
			name = Release;
		};
		84835D4C1C9FA04E00A39866 /* Debug */ = {
			isa = XCBuildConfiguration;
			buildSettings = {
				BUNDLE_LOADER = "$(TEST_HOST)";
				INFOPLIST_FILE = TrackerTests/Info.plist;
				LD_RUNPATH_SEARCH_PATHS = "$(inherited) @executable_path/Frameworks @loader_path/Frameworks";
				PRODUCT_BUNDLE_IDENTIFIER = com.idt.TrackerTests;
				PRODUCT_NAME = "$(TARGET_NAME)";
				TEST_HOST = "$(BUILT_PRODUCTS_DIR)/Tracker.app/Tracker";
			};
			name = Debug;
		};
		84835D4D1C9FA04E00A39866 /* Release */ = {
			isa = XCBuildConfiguration;
			buildSettings = {
				BUNDLE_LOADER = "$(TEST_HOST)";
				INFOPLIST_FILE = TrackerTests/Info.plist;
				LD_RUNPATH_SEARCH_PATHS = "$(inherited) @executable_path/Frameworks @loader_path/Frameworks";
				PRODUCT_BUNDLE_IDENTIFIER = com.idt.TrackerTests;
				PRODUCT_NAME = "$(TARGET_NAME)";
				TEST_HOST = "$(BUILT_PRODUCTS_DIR)/Tracker.app/Tracker";
			};
			name = Release;
		};
		84835D4F1C9FA04E00A39866 /* Debug */ = {
			isa = XCBuildConfiguration;
			buildSettings = {
				INFOPLIST_FILE = TrackerUITests/Info.plist;
				LD_RUNPATH_SEARCH_PATHS = "$(inherited) @executable_path/Frameworks @loader_path/Frameworks";
				PRODUCT_BUNDLE_IDENTIFIER = com.idt.TrackerUITests;
				PRODUCT_NAME = "$(TARGET_NAME)";
				TEST_TARGET_NAME = Tracker;
				USES_XCTRUNNER = YES;
			};
			name = Debug;
		};
		84835D501C9FA04E00A39866 /* Release */ = {
			isa = XCBuildConfiguration;
			buildSettings = {
				INFOPLIST_FILE = TrackerUITests/Info.plist;
				LD_RUNPATH_SEARCH_PATHS = "$(inherited) @executable_path/Frameworks @loader_path/Frameworks";
				PRODUCT_BUNDLE_IDENTIFIER = com.idt.TrackerUITests;
				PRODUCT_NAME = "$(TARGET_NAME)";
				TEST_TARGET_NAME = Tracker;
				USES_XCTRUNNER = YES;
			};
			name = Release;
		};
/* End XCBuildConfiguration section */

/* Begin XCConfigurationList section */
		84835D161C9FA04E00A39866 /* Build configuration list for PBXProject "Tracker" */ = {
			isa = XCConfigurationList;
			buildConfigurations = (
				84835D461C9FA04E00A39866 /* Debug */,
				84835D471C9FA04E00A39866 /* Release */,
			);
			defaultConfigurationIsVisible = 0;
			defaultConfigurationName = Release;
		};
		84835D481C9FA04E00A39866 /* Build configuration list for PBXNativeTarget "Tracker" */ = {
			isa = XCConfigurationList;
			buildConfigurations = (
				84835D491C9FA04E00A39866 /* Debug */,
				84835D4A1C9FA04E00A39866 /* Release */,
			);
			defaultConfigurationIsVisible = 0;
		};
		84835D4B1C9FA04E00A39866 /* Build configuration list for PBXNativeTarget "TrackerTests" */ = {
			isa = XCConfigurationList;
			buildConfigurations = (
				84835D4C1C9FA04E00A39866 /* Debug */,
				84835D4D1C9FA04E00A39866 /* Release */,
			);
			defaultConfigurationIsVisible = 0;
		};
		84835D4E1C9FA04E00A39866 /* Build configuration list for PBXNativeTarget "TrackerUITests" */ = {
			isa = XCConfigurationList;
			buildConfigurations = (
				84835D4F1C9FA04E00A39866 /* Debug */,
				84835D501C9FA04E00A39866 /* Release */,
			);
			defaultConfigurationIsVisible = 0;
		};
/* End XCConfigurationList section */
	};
	rootObject = 84835D131C9FA04E00A39866 /* Project object */;
}
